
Microsoft Visual Studio Solution File, Format Version 12.00
# Visual Studio Version 16
VisualStudioVersion = 16.0.30717.126
MinimumVisualStudioVersion = 10.0.40219.1
Project("{2150E333-8FDC-42A3-9474-1A3956D46DE8}") = "src", "src", "{3E2FB5F2-51C2-4BAD-84A5-588F25D72DCE}"
EndProject
Project("{2150E333-8FDC-42A3-9474-1A3956D46DE8}") = "Catalog", "Catalog", "{7B92C79F-ED24-43B8-887A-F882DEC12C38}"
EndProject
Project("{9A19103F-16F7-4668-BE54-9A1E7A4F7556}") = "Catalog.API", "src\Catalog\Catalog.API\Catalog.API.csproj", "{9CAC340E-68DD-4A67-A262-AF8F9B8EB2E3}"
EndProject
Project("{E53339B2-1760-4266-BCC7-CA923CBCF16C}") = "docker-compose", "docker-compose.dcproj", "{FD3D6558-1489-4CC6-BFEA-1EAD76E7B67F}"
EndProject
Project("{2150E333-8FDC-42A3-9474-1A3956D46DE8}") = "Basket", "Basket", "{FC77EB59-6E55-4568-A73A-294ACD9AF2B9}"
EndProject
Project("{9A19103F-16F7-4668-BE54-9A1E7A4F7556}") = "Basket.API", "src\Basket\Basket.API\Basket.API.csproj", "{F5DCAC7B-5B33-4797-A4D9-7FF33904037E}"
EndProject
Project("{2150E333-8FDC-42A3-9474-1A3956D46DE8}") = "Common", "Common", "{595FC6B7-44CB-4D44-A7F3-00E15B3BF1F1}"
EndProject
Project("{9A19103F-16F7-4668-BE54-9A1E7A4F7556}") = "EventBusRabbitMQ", "src\Common\EventBusRabbitMQ\EventBusRabbitMQ.csproj", "{D7EC3DCC-2E1F-49C0-95B0-7669627C1611}"
EndProject
Project("{2150E333-8FDC-42A3-9474-1A3956D46DE8}") = "Ordering", "Ordering", "{549699C0-9916-477C-9C4D-AAA1DF3F7E5A}"
EndProject
Project("{9A19103F-16F7-4668-BE54-9A1E7A4F7556}") = "Ordering.API", "src\Ordering\Ordering.API\Ordering.API.csproj", "{3B2DB4B1-F7EF-4896-88DA-510F2AA8DC6B}"
EndProject
Project("{9A19103F-16F7-4668-BE54-9A1E7A4F7556}") = "Ordering.Core", "src\Ordering\Ordering.Core\Ordering.Core.csproj", "{5C8A2620-47B3-4A0B-97FA-6AC8E3B674A0}"
EndProject
Project("{9A19103F-16F7-4668-BE54-9A1E7A4F7556}") = "Ordering.Infrastructure", "src\Ordering\Ordering.Infrastructure\Ordering.Infrastructure.csproj", "{CBBB8C58-A404-4DF1-91B3-F3B72685BCB8}"
EndProject
Project("{9A19103F-16F7-4668-BE54-9A1E7A4F7556}") = "Ordering.Application", "src\Ordering\Ordering.Application\Ordering.Application.csproj", "{9E4326F3-CF16-48EA-BC85-B303391D9427}"
EndProject
Project("{2150E333-8FDC-42A3-9474-1A3956D46DE8}") = "APIGateway", "APIGateway", "{DE7898E0-2CBC-4097-8B38-089083C59644}"
EndProject
Project("{FAE04EC0-301F-11D3-BF4B-00C04F79EFBC}") = "OcelotAPIGateway", "src\ApiGateway\OcelotAPIGateway\OcelotAPIGateway.csproj", "{E756CFA4-D045-4CCC-9FB0-4AF1A223D9EF}"
EndProject
Global
	GlobalSection(SolutionConfigurationPlatforms) = preSolution
		Debug|Any CPU = Debug|Any CPU
		Release|Any CPU = Release|Any CPU
	EndGlobalSection
	GlobalSection(ProjectConfigurationPlatforms) = postSolution
		{9CAC340E-68DD-4A67-A262-AF8F9B8EB2E3}.Debug|Any CPU.ActiveCfg = Debug|Any CPU
		{9CAC340E-68DD-4A67-A262-AF8F9B8EB2E3}.Debug|Any CPU.Build.0 = Debug|Any CPU
		{9CAC340E-68DD-4A67-A262-AF8F9B8EB2E3}.Release|Any CPU.ActiveCfg = Release|Any CPU
		{9CAC340E-68DD-4A67-A262-AF8F9B8EB2E3}.Release|Any CPU.Build.0 = Release|Any CPU
		{FD3D6558-1489-4CC6-BFEA-1EAD76E7B67F}.Debug|Any CPU.ActiveCfg = Debug|Any CPU
		{FD3D6558-1489-4CC6-BFEA-1EAD76E7B67F}.Debug|Any CPU.Build.0 = Debug|Any CPU
		{FD3D6558-1489-4CC6-BFEA-1EAD76E7B67F}.Release|Any CPU.ActiveCfg = Release|Any CPU
		{FD3D6558-1489-4CC6-BFEA-1EAD76E7B67F}.Release|Any CPU.Build.0 = Release|Any CPU
		{F5DCAC7B-5B33-4797-A4D9-7FF33904037E}.Debug|Any CPU.ActiveCfg = Debug|Any CPU
		{F5DCAC7B-5B33-4797-A4D9-7FF33904037E}.Debug|Any CPU.Build.0 = Debug|Any CPU
		{F5DCAC7B-5B33-4797-A4D9-7FF33904037E}.Release|Any CPU.ActiveCfg = Release|Any CPU
		{F5DCAC7B-5B33-4797-A4D9-7FF33904037E}.Release|Any CPU.Build.0 = Release|Any CPU
		{D7EC3DCC-2E1F-49C0-95B0-7669627C1611}.Debug|Any CPU.ActiveCfg = Debug|Any CPU
		{D7EC3DCC-2E1F-49C0-95B0-7669627C1611}.Debug|Any CPU.Build.0 = Debug|Any CPU
		{D7EC3DCC-2E1F-49C0-95B0-7669627C1611}.Release|Any CPU.ActiveCfg = Release|Any CPU
		{D7EC3DCC-2E1F-49C0-95B0-7669627C1611}.Release|Any CPU.Build.0 = Release|Any CPU
		{3B2DB4B1-F7EF-4896-88DA-510F2AA8DC6B}.Debug|Any CPU.ActiveCfg = Debug|Any CPU
		{3B2DB4B1-F7EF-4896-88DA-510F2AA8DC6B}.Debug|Any CPU.Build.0 = Debug|Any CPU
		{3B2DB4B1-F7EF-4896-88DA-510F2AA8DC6B}.Release|Any CPU.ActiveCfg = Release|Any CPU
		{3B2DB4B1-F7EF-4896-88DA-510F2AA8DC6B}.Release|Any CPU.Build.0 = Release|Any CPU
		{5C8A2620-47B3-4A0B-97FA-6AC8E3B674A0}.Debug|Any CPU.ActiveCfg = Debug|Any CPU
		{5C8A2620-47B3-4A0B-97FA-6AC8E3B674A0}.Debug|Any CPU.Build.0 = Debug|Any CPU
		{5C8A2620-47B3-4A0B-97FA-6AC8E3B674A0}.Release|Any CPU.ActiveCfg = Release|Any CPU
		{5C8A2620-47B3-4A0B-97FA-6AC8E3B674A0}.Release|Any CPU.Build.0 = Release|Any CPU
		{CBBB8C58-A404-4DF1-91B3-F3B72685BCB8}.Debug|Any CPU.ActiveCfg = Debug|Any CPU
		{CBBB8C58-A404-4DF1-91B3-F3B72685BCB8}.Debug|Any CPU.Build.0 = Debug|Any CPU
		{CBBB8C58-A404-4DF1-91B3-F3B72685BCB8}.Release|Any CPU.ActiveCfg = Release|Any CPU
		{CBBB8C58-A404-4DF1-91B3-F3B72685BCB8}.Release|Any CPU.Build.0 = Release|Any CPU
		{9E4326F3-CF16-48EA-BC85-B303391D9427}.Debug|Any CPU.ActiveCfg = Debug|Any CPU
		{9E4326F3-CF16-48EA-BC85-B303391D9427}.Debug|Any CPU.Build.0 = Debug|Any CPU
		{9E4326F3-CF16-48EA-BC85-B303391D9427}.Release|Any CPU.ActiveCfg = Release|Any CPU
		{9E4326F3-CF16-48EA-BC85-B303391D9427}.Release|Any CPU.Build.0 = Release|Any CPU
		{E756CFA4-D045-4CCC-9FB0-4AF1A223D9EF}.Debug|Any CPU.ActiveCfg = Debug|Any CPU
		{E756CFA4-D045-4CCC-9FB0-4AF1A223D9EF}.Debug|Any CPU.Build.0 = Debug|Any CPU
		{E756CFA4-D045-4CCC-9FB0-4AF1A223D9EF}.Release|Any CPU.ActiveCfg = Release|Any CPU
		{E756CFA4-D045-4CCC-9FB0-4AF1A223D9EF}.Release|Any CPU.Build.0 = Release|Any CPU
	EndGlobalSection
	GlobalSection(SolutionProperties) = preSolution
		HideSolutionNode = FALSE
	EndGlobalSection
	GlobalSection(NestedProjects) = preSolution
		{7B92C79F-ED24-43B8-887A-F882DEC12C38} = {3E2FB5F2-51C2-4BAD-84A5-588F25D72DCE}
		{9CAC340E-68DD-4A67-A262-AF8F9B8EB2E3} = {7B92C79F-ED24-43B8-887A-F882DEC12C38}
		{FC77EB59-6E55-4568-A73A-294ACD9AF2B9} = {3E2FB5F2-51C2-4BAD-84A5-588F25D72DCE}
		{F5DCAC7B-5B33-4797-A4D9-7FF33904037E} = {FC77EB59-6E55-4568-A73A-294ACD9AF2B9}
		{595FC6B7-44CB-4D44-A7F3-00E15B3BF1F1} = {3E2FB5F2-51C2-4BAD-84A5-588F25D72DCE}
		{D7EC3DCC-2E1F-49C0-95B0-7669627C1611} = {595FC6B7-44CB-4D44-A7F3-00E15B3BF1F1}
		{549699C0-9916-477C-9C4D-AAA1DF3F7E5A} = {3E2FB5F2-51C2-4BAD-84A5-588F25D72DCE}
		{3B2DB4B1-F7EF-4896-88DA-510F2AA8DC6B} = {549699C0-9916-477C-9C4D-AAA1DF3F7E5A}
		{5C8A2620-47B3-4A0B-97FA-6AC8E3B674A0} = {549699C0-9916-477C-9C4D-AAA1DF3F7E5A}
		{CBBB8C58-A404-4DF1-91B3-F3B72685BCB8} = {549699C0-9916-477C-9C4D-AAA1DF3F7E5A}
		{9E4326F3-CF16-48EA-BC85-B303391D9427} = {549699C0-9916-477C-9C4D-AAA1DF3F7E5A}
		{DE7898E0-2CBC-4097-8B38-089083C59644} = {3E2FB5F2-51C2-4BAD-84A5-588F25D72DCE}
		{E756CFA4-D045-4CCC-9FB0-4AF1A223D9EF} = {DE7898E0-2CBC-4097-8B38-089083C59644}
	EndGlobalSection
	GlobalSection(ExtensibilityGlobals) = postSolution
		SolutionGuid = {689D0A62-CD9A-4EC4-B010-0128FE532AEE}
	EndGlobalSection
EndGlobal
